
Microsoft Visual Studio Solution File, Format Version 12.00
# Visual Studio Version 16
VisualStudioVersion = 16.0.30717.126
MinimumVisualStudioVersion = 10.0.40219.1
Project("{9A19103F-16F7-4668-BE54-9A1E7A4F7556}") = "CSharp", "CSharp\CSharp.csproj", "{BF5BBBB6-5A94-493E-BA17-C0E018B7A0E2}"
EndProject
Project("{9A19103F-16F7-4668-BE54-9A1E7A4F7556}") = "CSharp.ConsoleApplication", "CSharp.ConsoleApplication\CSharp.ConsoleApplication.csproj", "{A6B04008-D0B4-4852-A4A4-9BF90466F280}"
EndProject
Project("{8BC9CEB8-8B4A-11D0-8D11-00A0C91BC942}") = "Native", "Native\Native.vcxproj", "{3E2BAF4A-EE32-45D9-940C-22A7EEF749BB}"
EndProject
Project("{8BC9CEB8-8B4A-11D0-8D11-00A0C91BC942}") = "NativeConsole", "NativeConsole\NativeConsole.vcxproj", "{A5FD1948-5390-4891-B81F-6C2B460C43A7}"
EndProject
Global
	GlobalSection(SolutionConfigurationPlatforms) = preSolution
		Debug|Any CPU = Debug|Any CPU
		Debug|x64 = Debug|x64
		Debug|x86 = Debug|x86
		Release|Any CPU = Release|Any CPU
		Release|x64 = Release|x64
		Release|x86 = Release|x86
	EndGlobalSection
	GlobalSection(ProjectConfigurationPlatforms) = postSolution
		{BF5BBBB6-5A94-493E-BA17-C0E018B7A0E2}.Debug|Any CPU.ActiveCfg = Debug|Any CPU
		{BF5BBBB6-5A94-493E-BA17-C0E018B7A0E2}.Debug|Any CPU.Build.0 = Debug|Any CPU
		{BF5BBBB6-5A94-493E-BA17-C0E018B7A0E2}.Debug|x64.ActiveCfg = Debug|Any CPU
		{BF5BBBB6-5A94-493E-BA17-C0E018B7A0E2}.Debug|x64.Build.0 = Debug|Any CPU
		{BF5BBBB6-5A94-493E-BA17-C0E018B7A0E2}.Debug|x86.ActiveCfg = Debug|Any CPU
		{BF5BBBB6-5A94-493E-BA17-C0E018B7A0E2}.Debug|x86.Build.0 = Debug|Any CPU
		{BF5BBBB6-5A94-493E-BA17-C0E018B7A0E2}.Release|Any CPU.ActiveCfg = Release|Any CPU
		{BF5BBBB6-5A94-493E-BA17-C0E018B7A0E2}.Release|Any CPU.Build.0 = Release|Any CPU
		{BF5BBBB6-5A94-493E-BA17-C0E018B7A0E2}.Release|x64.ActiveCfg = Release|Any CPU
		{BF5BBBB6-5A94-493E-BA17-C0E018B7A0E2}.Release|x64.Build.0 = Release|Any CPU
		{BF5BBBB6-5A94-493E-BA17-C0E018B7A0E2}.Release|x86.ActiveCfg = Release|Any CPU
		{BF5BBBB6-5A94-493E-BA17-C0E018B7A0E2}.Release|x86.Build.0 = Release|Any CPU
		{A6B04008-D0B4-4852-A4A4-9BF90466F280}.Debug|Any CPU.ActiveCfg = Debug|Any CPU
		{A6B04008-D0B4-4852-A4A4-9BF90466F280}.Debug|Any CPU.Build.0 = Debug|Any CPU
		{A6B04008-D0B4-4852-A4A4-9BF90466F280}.Debug|x64.ActiveCfg = Debug|Any CPU
		{A6B04008-D0B4-4852-A4A4-9BF90466F280}.Debug|x64.Build.0 = Debug|Any CPU
		{A6B04008-D0B4-4852-A4A4-9BF90466F280}.Debug|x86.ActiveCfg = Debug|Any CPU
		{A6B04008-D0B4-4852-A4A4-9BF90466F280}.Debug|x86.Build.0 = Debug|Any CPU
		{A6B04008-D0B4-4852-A4A4-9BF90466F280}.Release|Any CPU.ActiveCfg = Release|Any CPU
		{A6B04008-D0B4-4852-A4A4-9BF90466F280}.Release|Any CPU.Build.0 = Release|Any CPU
		{A6B04008-D0B4-4852-A4A4-9BF90466F280}.Release|x64.ActiveCfg = Release|Any CPU
		{A6B04008-D0B4-4852-A4A4-9BF90466F280}.Release|x64.Build.0 = Release|Any CPU
		{A6B04008-D0B4-4852-A4A4-9BF90466F280}.Release|x86.ActiveCfg = Release|Any CPU
		{A6B04008-D0B4-4852-A4A4-9BF90466F280}.Release|x86.Build.0 = Release|Any CPU
		{3E2BAF4A-EE32-45D9-940C-22A7EEF749BB}.Debug|Any CPU.ActiveCfg = Debug|Win32
		{3E2BAF4A-EE32-45D9-940C-22A7EEF749BB}.Debug|x64.ActiveCfg = Debug|x64
		{3E2BAF4A-EE32-45D9-940C-22A7EEF749BB}.Debug|x64.Build.0 = Debug|x64
		{3E2BAF4A-EE32-45D9-940C-22A7EEF749BB}.Debug|x86.ActiveCfg = Debug|Win32
		{3E2BAF4A-EE32-45D9-940C-22A7EEF749BB}.Debug|x86.Build.0 = Debug|Win32
		{3E2BAF4A-EE32-45D9-940C-22A7EEF749BB}.Release|Any CPU.ActiveCfg = Release|Win32
		{3E2BAF4A-EE32-45D9-940C-22A7EEF749BB}.Release|x64.ActiveCfg = Release|x64
		{3E2BAF4A-EE32-45D9-940C-22A7EEF749BB}.Release|x64.Build.0 = Release|x64
		{3E2BAF4A-EE32-45D9-940C-22A7EEF749BB}.Release|x86.ActiveCfg = Release|Win32
		{3E2BAF4A-EE32-45D9-940C-22A7EEF749BB}.Release|x86.Build.0 = Release|Win32
		{A5FD1948-5390-4891-B81F-6C2B460C43A7}.Debug|Any CPU.ActiveCfg = Debug|Win32
		{A5FD1948-5390-4891-B81F-6C2B460C43A7}.Debug|x64.ActiveCfg = Debug|x64
		{A5FD1948-5390-4891-B81F-6C2B460C43A7}.Debug|x64.Build.0 = Debug|x64
		{A5FD1948-5390-4891-B81F-6C2B460C43A7}.Debug|x86.ActiveCfg = Debug|Win32
		{A5FD1948-5390-4891-B81F-6C2B460C43A7}.Debug|x86.Build.0 = Debug|Win32
		{A5FD1948-5390-4891-B81F-6C2B460C43A7}.Release|Any CPU.ActiveCfg = Release|Win32
		{A5FD1948-5390-4891-B81F-6C2B460C43A7}.Release|x64.ActiveCfg = Release|x64
		{A5FD1948-5390-4891-B81F-6C2B460C43A7}.Release|x64.Build.0 = Release|x64
		{A5FD1948-5390-4891-B81F-6C2B460C43A7}.Release|x86.ActiveCfg = Release|Win32
		{A5FD1948-5390-4891-B81F-6C2B460C43A7}.Release|x86.Build.0 = Release|Win32
	EndGlobalSection
	GlobalSection(SolutionProperties) = preSolution
		HideSolutionNode = FALSE
	EndGlobalSection
	GlobalSection(ExtensibilityGlobals) = postSolution
		SolutionGuid = {FE31CDCE-A0A2-4B4B-865F-FC60FCE10EA0}
	EndGlobalSection
EndGlobal
